PODS:
  - DynamicColor (3.1.0)
  - Realm (1.1.0):
    - Realm/Headers (= 1.1.0)
  - Realm/Headers (1.1.0)
  - RealmSwift (1.1.0):
    - Realm (= 1.1.0)
  - Timepiece (0.4.3)
  - Toucan (0.5.0)
  - VTAcknowledgementsViewController (1.1)
  - XLPagerTabStrip (6.0.0)

DEPENDENCIES:
  - DynamicColor (~> 3.1.0)
  - RealmSwift (~> 1.1.0)
  - Timepiece (from `https://github.com/NatashaTheRobot/Timepiece`)
  - Toucan (from `https://github.com/vinzen/Toucan`, branch `swift3.0`)
  - VTAcknowledgementsViewController
  - XLPagerTabStrip (~> 6.0.0)

EXTERNAL SOURCES:
  Timepiece:
    :git: https://github.com/NatashaTheRobot/Timepiece
  Toucan:
    :branch: swift3.0
    :git: https://github.com/vinzen/Toucan

CHECKOUT OPTIONS:
  Timepiece:
    :commit: 515fe4b2bac80e6bc41bb805fe807403e76ead75
    :git: https://github.com/NatashaTheRobot/Timepiece
  Toucan:
    :commit: 154d3299fb1371243d6713447f2091c82424fa34
    :git: https://github.com/vinzen/Toucan

SPEC CHECKSUMS:
  DynamicColor: 4dec283a881f7f9d9f3bc88fb5f306724242575f
  Realm: ceecf1a4540c4ce9efe196fe73fa9855bce05bd8
  RealmSwift: 838058b2db95b12cb86bd0cf209df642c33fb60a
  Timepiece: b5038887b91d6eb70653173f4270e06b3abeac41
  Toucan: 0519c341148252ae114c5a657d2a85bb9ada9e40
  VTAcknowledgementsViewController: 44da49d57a1dbf414e653688793a130d24af151e
  XLPagerTabStrip: c46e802a8dcac29edbcea573de8fe920e052455b

PODFILE CHECKSUM: 4646fbc6ff2fa2d508d02d8d22c4963292faeb8d

COCOAPODS: 1.1.0.rc.2
