PODS:
  - AcknowList (1.2)
  - BuddyBuildSDK (1.0.14)
  - DynamicColor (3.2.1)
  - Realm (2.4.2):
    - Realm/Headers (= 2.4.2)
  - Realm/Headers (2.4.2)
  - RealmSwift (2.4.2):
    - Realm (= 2.4.2)
  - Timepiece (1.1.0)
  - Toucan (0.6.0)
  - TrySwiftData (0.1.0):
    - RealmSwift
  - XLPagerTabStrip (7.0.0)

DEPENDENCIES:
  - AcknowList (~> 1.2)
  - BuddyBuildSDK
  - DynamicColor (~> 3.2.1)
  - RealmSwift (~> 2.4.2)
  - Timepiece (~> 1.1.0)
  - Toucan (~> 0.6.0)
  - TrySwiftData (from `https://github.com/tryswift/trySwiftData.git`)
  - XLPagerTabStrip (~> 7.0.0)

EXTERNAL SOURCES:
  TrySwiftData:
    :git: https://github.com/tryswift/trySwiftData.git

CHECKOUT OPTIONS:
  TrySwiftData:
    :commit: eff4d9f691b91f11b494d70da2192c9494ef0565
    :git: https://github.com/tryswift/trySwiftData.git

SPEC CHECKSUMS:
  AcknowList: 18ccee4d933a153622416cce2d36e6864ec147ea
  BuddyBuildSDK: 2b2d35a61ad7fd3645beb2d48bc5123efd869918
  DynamicColor: 4786d650c69da6c3f2cbfe068348288ec4e5521f
  Realm: d27b758e12d62a3371879a065d4c40aa212c5a54
  RealmSwift: 9556c0fe0f0cfecacfb755ae9e68ff379fc6bead
  Timepiece: 4190a7bc5ae1c05c87531fd75b14e17d2a017902
  Toucan: 47485bbc9cb4541ef6318d6886103e6eaf16e919
  TrySwiftData: 27274df0500232c3b486476deb7a674de0782d72
  XLPagerTabStrip: 9be80a66c6b7d60306b2c0a6004965016d68f813

PODFILE CHECKSUM: 700752069c4195a33eb0f804059849f12e116e4a

COCOAPODS: 1.2.0
